# DO NOT EDIT MANUALLY - Managed by Fern Replay
version: "1.0"
generations:
  - commit_sha: 6f68eec0656b7c7b474deee0f56762a491ea85cc
    tree_hash: 0c49a8cea3960127f63f4141b9ff0d82f7d310ff
    timestamp: 2026-05-19T23:18:34.966Z
    cli_version: unknown
    generator_versions: {}
current_generation: 6f68eec0656b7c7b474deee0f56762a491ea85cc
patches: []
